// !$*UTF8*$!
{
	archiveVersion = 1;
	classes = {
	};
	objectVersion = 46;
	objects = {

/* Begin PBXBuildFile section */
		B40F14A91EA1658300C9E270 /* DaemonDelegate.swift in Sources */ = {isa = PBXBuildFile; fileRef = B40F14A81EA1658300C9E270 /* DaemonDelegate.swift */; };
		B40F14AB1EA168F200C9E270 /* DeviceEventReaction.swift in Sources */ = {isa = PBXBuildFile; fileRef = B40F14AA1EA168F200C9E270 /* DeviceEventReaction.swift */; };
		B448E9E21E94F0A100316651 /* ReadStreamReaction.swift in Sources */ = {isa = PBXBuildFile; fileRef = B4A0405A1E81981C00C06084 /* ReadStreamReaction.swift */; };
		B448E9EB1E94F23700316651 /* AppDelegate.swift in Sources */ = {isa = PBXBuildFile; fileRef = B448E9EA1E94F23700316651 /* AppDelegate.swift */; };
		B448E9ED1E94F23700316651 /* ViewController.swift in Sources */ = {isa = PBXBuildFile; fileRef = B448E9EC1E94F23700316651 /* ViewController.swift */; };
		B448E9F21E94F23700316651 /* Assets.xcassets in Resources */ = {isa = PBXBuildFile; fileRef = B448E9F11E94F23700316651 /* Assets.xcassets */; };
		B448E9F51E94F23700316651 /* LaunchScreen.storyboard in Resources */ = {isa = PBXBuildFile; fileRef = B448E9F31E94F23700316651 /* LaunchScreen.storyboard */; };
		B448E9FA1E94F25900316651 /* DarkLightning.framework in Frameworks */ = {isa = PBXBuildFile; fileRef = B4A0402F1E8197BC00C06084 /* DarkLightning.framework */; };
		B448E9FB1E94F25900316651 /* DarkLightning.framework in Embed Frameworks */ = {isa = PBXBuildFile; fileRef = B4A0402F1E8197BC00C06084 /* DarkLightning.framework */; settings = {ATTRIBUTES = (CodeSignOnCopy, RemoveHeadersOnCopy, ); }; };
		B448EA081E94FF2A00316651 /* AttachReaction.swift in Sources */ = {isa = PBXBuildFile; fileRef = B448EA071E94FF2A00316651 /* AttachReaction.swift */; };
		B448EA111E95250E00316651 /* AutoConnectDelegate.swift in Sources */ = {isa = PBXBuildFile; fileRef = B448EA101E95250E00316651 /* AutoConnectDelegate.swift */; };
		B448EA781E9634D700316651 /* Daemon.swift in Sources */ = {isa = PBXBuildFile; fileRef = B448EA4F1E9634D700316651 /* Daemon.swift */; };
		B448EA791E9634D700316651 /* DeviceDelegate.swift in Sources */ = {isa = PBXBuildFile; fileRef = B448EA501E9634D700316651 /* DeviceDelegate.swift */; };
		B448EA7A1E9634D700316651 /* Device.swift in Sources */ = {isa = PBXBuildFile; fileRef = B448EA511E9634D700316651 /* Device.swift */; };
		B448EA7B1E9634D700316651 /* DisconnectReaction.swift in Sources */ = {isa = PBXBuildFile; fileRef = B448EA531E9634D700316651 /* DisconnectReaction.swift */; };
		B448EA7C1E9634D700316651 /* AttachMessage.swift in Sources */ = {isa = PBXBuildFile; fileRef = B448EA551E9634D700316651 /* AttachMessage.swift */; };
		B448EA7D1E9634D700316651 /* ConnectMessageData.swift in Sources */ = {isa = PBXBuildFile; fileRef = B448EA561E9634D700316651 /* ConnectMessageData.swift */; };
		B448EA7E1E9634D700316651 /* DataWithUInt32.swift in Sources */ = {isa = PBXBuildFile; fileRef = B448EA571E9634D700316651 /* DataWithUInt32.swift */; };
		B448EA7F1E9634D700316651 /* DetachMessage.swift in Sources */ = {isa = PBXBuildFile; fileRef = B448EA581E9634D700316651 /* DetachMessage.swift */; };
		B448EA801E9634D700316651 /* DictData.swift in Sources */ = {isa = PBXBuildFile; fileRef = B448EA591E9634D700316651 /* DictData.swift */; };
		B448EA811E9634D700316651 /* ListeningMessageData.swift in Sources */ = {isa = PBXBuildFile; fileRef = B448EA5A1E9634D700316651 /* ListeningMessageData.swift */; };
		B448EA821E9634D700316651 /* MessageData.swift in Sources */ = {isa = PBXBuildFile; fileRef = B448EA5B1E9634D700316651 /* MessageData.swift */; };
		B448EA831E9634D700316651 /* ResultMessage.swift in Sources */ = {isa = PBXBuildFile; fileRef = B448EA5C1E9634D700316651 /* ResultMessage.swift */; };
		B448EA841E9634D700316651 /* TCPMessage.swift in Sources */ = {isa = PBXBuildFile; fileRef = B448EA5D1E9634D700316651 /* TCPMessage.swift */; };
		B448EA851E9634D700316651 /* USBMuxMessage.swift in Sources */ = {isa = PBXBuildFile; fileRef = B448EA5E1E9634D700316651 /* USBMuxMessage.swift */; };
		B448EA861E9634D700316651 /* USBMuxMessageData.swift in Sources */ = {isa = PBXBuildFile; fileRef = B448EA5F1E9634D700316651 /* USBMuxMessageData.swift */; };
		B448EA871E9634D700316651 /* USBMuxMessageDataArray.swift in Sources */ = {isa = PBXBuildFile; fileRef = B448EA601E9634D700316651 /* USBMuxMessageDataArray.swift */; };
		B448EA881E9634D700316651 /* USBMuxMessageWrap.swift in Sources */ = {isa = PBXBuildFile; fileRef = B448EA611E9634D700316651 /* USBMuxMessageWrap.swift */; };
		B448EA891E9634D700316651 /* OpenReaction.swift in Sources */ = {isa = PBXBuildFile; fileRef = B448EA621E9634D700316651 /* OpenReaction.swift */; };
		B448EA8A1E9634D700316651 /* ReceivingDataReaction.swift in Sources */ = {isa = PBXBuildFile; fileRef = B448EA631E9634D700316651 /* ReceivingDataReaction.swift */; };
		B448EA8B1E9634D700316651 /* StartingUSBDaemon.swift in Sources */ = {isa = PBXBuildFile; fileRef = B448EA641E9634D700316651 /* StartingUSBDaemon.swift */; };
		B448EA8C1E9634D700316651 /* StoppingUSBDaemon.swift in Sources */ = {isa = PBXBuildFile; fileRef = B448EA651E9634D700316651 /* StoppingUSBDaemon.swift */; };
		B448EA8D1E9634D700316651 /* USBDaemon.swift in Sources */ = {isa = PBXBuildFile; fileRef = B448EA661E9634D700316651 /* USBDaemon.swift */; };
		B448EA8E1E9634D700316651 /* USBDevice.swift in Sources */ = {isa = PBXBuildFile; fileRef = B448EA671E9634D700316651 /* USBDevice.swift */; };
		B448EA8F1E9634D700316651 /* DataDecoding.swift in Sources */ = {isa = PBXBuildFile; fileRef = B448EA6A1E9634D700316651 /* DataDecoding.swift */; };
		B448EA901E9634D700316651 /* OOData.swift in Sources */ = {isa = PBXBuildFile; fileRef = B448EA6B1E9634D700316651 /* OOData.swift */; };
		B448EA911E9634D700316651 /* OODataArray.swift in Sources */ = {isa = PBXBuildFile; fileRef = B448EA6C1E9634D700316651 /* OODataArray.swift */; };
		B448EA921E9634D700316651 /* OOUInt16.swift in Sources */ = {isa = PBXBuildFile; fileRef = B448EA6D1E9634D700316651 /* OOUInt16.swift */; };
		B448EA931E9634D700316651 /* OOUInt32.swift in Sources */ = {isa = PBXBuildFile; fileRef = B448EA6E1E9634D700316651 /* OOUInt32.swift */; };
		B448EA941E9634D700316651 /* CFSocket.swift in Sources */ = {isa = PBXBuildFile; fileRef = B448EA701E9634D700316651 /* CFSocket.swift */; };
		B448EA951E9634D700316651 /* ConstDataArray.swift in Sources */ = {isa = PBXBuildFile; fileRef = B448EA711E9634D700316651 /* ConstDataArray.swift */; };
		B448EA961E9634D700316651 /* DictionaryReference.swift in Sources */ = {isa = PBXBuildFile; fileRef = B448EA721E9634D700316651 /* DictionaryReference.swift */; };
		B448EA971E9634D700316651 /* Memory.swift in Sources */ = {isa = PBXBuildFile; fileRef = B448EA731E9634D700316651 /* Memory.swift */; };
		B448EA981E9634D700316651 /* NetworkUInt16.swift in Sources */ = {isa = PBXBuildFile; fileRef = B448EA741E9634D700316651 /* NetworkUInt16.swift */; };
		B448EA991E9634D700316651 /* NetworkUInt32.swift in Sources */ = {isa = PBXBuildFile; fileRef = B448EA751E9634D700316651 /* NetworkUInt32.swift */; };
		B448EA9A1E9634D700316651 /* RawData.swift in Sources */ = {isa = PBXBuildFile; fileRef = B448EA761E9634D700316651 /* RawData.swift */; };
		B448EA9B1E9634D700316651 /* StreamDelegates.swift in Sources */ = {isa = PBXBuildFile; fileRef = B448EA771E9634D700316651 /* StreamDelegates.swift */; };
		B4832BBC1E8D75E60028AB8E /* WriteStream.swift in Sources */ = {isa = PBXBuildFile; fileRef = B4A040501E81981C00C06084 /* WriteStream.swift */; };
		B4832BC11E9103B90028AB8E /* SocketStream.swift in Sources */ = {isa = PBXBuildFile; fileRef = B4A0405C1E81981C00C06084 /* SocketStream.swift */; };
		B4832BC21E9103F80028AB8E /* CloseStreamReaction.swift in Sources */ = {isa = PBXBuildFile; fileRef = B4A040521E81981C00C06084 /* CloseStreamReaction.swift */; };
		B4832BC31E9103F80028AB8E /* DisconnectStreamReaction.swift in Sources */ = {isa = PBXBuildFile; fileRef = B4A040581E81981C00C06084 /* DisconnectStreamReaction.swift */; };
		B4832BC41E9103F80028AB8E /* ReadStreamReaction.swift in Sources */ = {isa = PBXBuildFile; fileRef = B4A0405A1E81981C00C06084 /* ReadStreamReaction.swift */; };
		B4832BC51E9104180028AB8E /* PortDelegate.swift in Sources */ = {isa = PBXBuildFile; fileRef = B4A0404E1E81981C00C06084 /* PortDelegate.swift */; };
		B4832BC61E91041C0028AB8E /* Connections.swift in Sources */ = {isa = PBXBuildFile; fileRef = B4A0404D1E81981C00C06084 /* Connections.swift */; };
		B4832BD71E910AF10028AB8E /* AppDelegate.swift in Sources */ = {isa = PBXBuildFile; fileRef = B4832BD61E910AF10028AB8E /* AppDelegate.swift */; };
		B4832BD91E910AF10028AB8E /* Assets.xcassets in Resources */ = {isa = PBXBuildFile; fileRef = B4832BD81E910AF10028AB8E /* Assets.xcassets */; };
		B4832BDC1E910AF10028AB8E /* MainMenu.xib in Resources */ = {isa = PBXBuildFile; fileRef = B4832BDA1E910AF10028AB8E /* MainMenu.xib */; };
		B4832BE71E910B360028AB8E /* DarkLightning.framework in Frameworks */ = {isa = PBXBuildFile; fileRef = B4FFE0911E89B2A40044C7A9 /* DarkLightning.framework */; };
		B4832BE81E910B360028AB8E /* DarkLightning.framework in Embed Frameworks */ = {isa = PBXBuildFile; fileRef = B4FFE0911E89B2A40044C7A9 /* DarkLightning.framework */; settings = {ATTRIBUTES = (CodeSignOnCopy, RemoveHeadersOnCopy, ); }; };
		B4832C121E9192030028AB8E /* Port.swift in Sources */ = {isa = PBXBuildFile; fileRef = B4832C111E9192030028AB8E /* Port.swift */; };
		B4832C151E9193340028AB8E /* DataStream.swift in Sources */ = {isa = PBXBuildFile; fileRef = B4832C141E9193340028AB8E /* DataStream.swift */; };
		B4832C161E9193340028AB8E /* DataStream.swift in Sources */ = {isa = PBXBuildFile; fileRef = B4832C141E9193340028AB8E /* DataStream.swift */; };
		B4832C181E9193800028AB8E /* SocketWriteStream.swift in Sources */ = {isa = PBXBuildFile; fileRef = B4832C171E9193800028AB8E /* SocketWriteStream.swift */; };
		B4832C191E9193800028AB8E /* SocketWriteStream.swift in Sources */ = {isa = PBXBuildFile; fileRef = B4832C171E9193800028AB8E /* SocketWriteStream.swift */; };
		B4832C2B1E98F5460028AB8E /* IncomingDataReaction.swift in Sources */ = {isa = PBXBuildFile; fileRef = B4832C2A1E98F5460028AB8E /* IncomingDataReaction.swift */; };
		B4832C2C1E98F5ED0028AB8E /* DataDecoding.swift in Sources */ = {isa = PBXBuildFile; fileRef = B448EA6A1E9634D700316651 /* DataDecoding.swift */; };
		B4832C2D1E98F6130028AB8E /* OOData.swift in Sources */ = {isa = PBXBuildFile; fileRef = B448EA6B1E9634D700316651 /* OOData.swift */; };
		B4832C2E1E98F6840028AB8E /* Memory.swift in Sources */ = {isa = PBXBuildFile; fileRef = B448EA731E9634D700316651 /* Memory.swift */; };
		B4832C2F1E98F6900028AB8E /* StreamDelegates.swift in Sources */ = {isa = PBXBuildFile; fileRef = B448EA771E9634D700316651 /* StreamDelegates.swift */; };
		B4832C301E98F6A30028AB8E /* CFSocket.swift in Sources */ = {isa = PBXBuildFile; fileRef = B448EA701E9634D700316651 /* CFSocket.swift */; };
		B4832C311E98F6AD0028AB8E /* NetworkUInt16.swift in Sources */ = {isa = PBXBuildFile; fileRef = B448EA741E9634D700316651 /* NetworkUInt16.swift */; };
		B4832C321E98F6B10028AB8E /* NetworkUInt32.swift in Sources */ = {isa = PBXBuildFile; fileRef = B448EA751E9634D700316651 /* NetworkUInt32.swift */; };
		B4832C331E98F6B80028AB8E /* OOUInt16.swift in Sources */ = {isa = PBXBuildFile; fileRef = B448EA6D1E9634D700316651 /* OOUInt16.swift */; };
		B4832C341E98F6BF0028AB8E /* OOUInt32.swift in Sources */ = {isa = PBXBuildFile; fileRef = B448EA6E1E9634D700316651 /* OOUInt32.swift */; };
		B4832C351E98F6C60028AB8E /* RawData.swift in Sources */ = {isa = PBXBuildFile; fileRef = B448EA761E9634D700316651 /* RawData.swift */; };
		B4A040391E8197BD00C06084 /* DarkLightning.framework in Frameworks */ = {isa = PBXBuildFile; fileRef = B4A0402F1E8197BC00C06084 /* DarkLightning.framework */; };
		B4A0403E1E8197BD00C06084 /* DarkLightningTests.swift in Sources */ = {isa = PBXBuildFile; fileRef = B4A0403D1E8197BD00C06084 /* DarkLightningTests.swift */; };
		B4A040691E81981C00C06084 /* Connections.swift in Sources */ = {isa = PBXBuildFile; fileRef = B4A0404D1E81981C00C06084 /* Connections.swift */; };
		B4A0406A1E81981C00C06084 /* PortDelegate.swift in Sources */ = {isa = PBXBuildFile; fileRef = B4A0404E1E81981C00C06084 /* PortDelegate.swift */; };
		B4A0406C1E81981C00C06084 /* WriteStream.swift in Sources */ = {isa = PBXBuildFile; fileRef = B4A040501E81981C00C06084 /* WriteStream.swift */; };
		B4A0406D1E81981C00C06084 /* CloseStreamReaction.swift in Sources */ = {isa = PBXBuildFile; fileRef = B4A040521E81981C00C06084 /* CloseStreamReaction.swift */; };
		B4A0406E1E81981C00C06084 /* ClosingDevicePort.swift in Sources */ = {isa = PBXBuildFile; fileRef = B4A040541E81981C00C06084 /* ClosingDevicePort.swift */; };
		B4A0406F1E81981C00C06084 /* DevicePort.swift in Sources */ = {isa = PBXBuildFile; fileRef = B4A040551E81981C00C06084 /* DevicePort.swift */; };
		B4A040701E81981C00C06084 /* OpeningDevicePort.swift in Sources */ = {isa = PBXBuildFile; fileRef = B4A040561E81981C00C06084 /* OpeningDevicePort.swift */; };
		B4A040711E81981C00C06084 /* WritingDevicePort.swift in Sources */ = {isa = PBXBuildFile; fileRef = B4A040571E81981C00C06084 /* WritingDevicePort.swift */; };
		B4A040721E81981C00C06084 /* DisconnectStreamReaction.swift in Sources */ = {isa = PBXBuildFile; fileRef = B4A040581E81981C00C06084 /* DisconnectStreamReaction.swift */; };
		B4A040731E81981C00C06084 /* InsertConnectionReaction.swift in Sources */ = {isa = PBXBuildFile; fileRef = B4A040591E81981C00C06084 /* InsertConnectionReaction.swift */; };
		B4A040751E81981C00C06084 /* SocketConnections.swift in Sources */ = {isa = PBXBuildFile; fileRef = B4A0405B1E81981C00C06084 /* SocketConnections.swift */; };
		B4A040761E81981C00C06084 /* SocketStream.swift in Sources */ = {isa = PBXBuildFile; fileRef = B4A0405C1E81981C00C06084 /* SocketStream.swift */; };
		B4FFE09A1E89B2A50044C7A9 /* DarkLightning.framework in Frameworks */ = {isa = PBXBuildFile; fileRef = B4FFE0911E89B2A40044C7A9 /* DarkLightning.framework */; };
		B4FFE09F1E89B2A50044C7A9 /* OSXTests.swift in Sources */ = {isa = PBXBuildFile; fileRef = B4FFE09E1E89B2A50044C7A9 /* OSXTests.swift */; };
/* End PBXBuildFile section */

/* Begin PBXContainerItemProxy section */
		B448E9FC1E94F25900316651 /* PBXContainerItemProxy */ = {
			isa = PBXContainerItemProxy;
			containerPortal = B4A040261E8197BC00C06084 /* Project object */;
			proxyType = 1;
			remoteGlobalIDString = B4A0402E1E8197BC00C06084;
			remoteInfo = iOS;
		};
		B4832BE91E910B360028AB8E /* PBXContainerItemProxy */ = {
			isa = PBXContainerItemProxy;
			containerPortal = B4A040261E8197BC00C06084 /* Project object */;
			proxyType = 1;
			remoteGlobalIDString = B4FFE0901E89B2A40044C7A9;
			remoteInfo = OSX;
		};
		B4A0403A1E8197BD00C06084 /* PBXContainerItemProxy */ = {
			isa = PBXContainerItemProxy;
			containerPortal = B4A040261E8197BC00C06084 /* Project object */;
			proxyType = 1;
			remoteGlobalIDString = B4A0402E1E8197BC00C06084;
			remoteInfo = DarkLightning;
		};
		B4FFE09B1E89B2A50044C7A9 /* PBXContainerItemProxy */ = {
			isa = PBXContainerItemProxy;
			containerPortal = B4A040261E8197BC00C06084 /* Project object */;
			proxyType = 1;
			remoteGlobalIDString = B4FFE0901E89B2A40044C7A9;
			remoteInfo = OSX;
		};
/* End PBXContainerItemProxy section */

/* Begin PBXCopyFilesBuildPhase section */
		B448E9FE1E94F25900316651 /* Embed Frameworks */ = {
			isa = PBXCopyFilesBuildPhase;
			buildActionMask = 2147483647;
			dstPath = "";
			dstSubfolderSpec = 10;
			files = (
				B448E9FB1E94F25900316651 /* DarkLightning.framework in Embed Frameworks */,
			);
			name = "Embed Frameworks";
			runOnlyForDeploymentPostprocessing = 0;
		};
		B4832BEB1E910B360028AB8E /* Embed Frameworks */ = {
			isa = PBXCopyFilesBuildPhase;
			buildActionMask = 2147483647;
			dstPath = "";
			dstSubfolderSpec = 10;
			files = (
				B4832BE81E910B360028AB8E /* DarkLightning.framework in Embed Frameworks */,
			);
			name = "Embed Frameworks";
			runOnlyForDeploymentPostprocessing = 0;
		};
/* End PBXCopyFilesBuildPhase section */

/* Begin PBXFileReference section */
		B40F14A81EA1658300C9E270 /* DaemonDelegate.swift */ = {isa = PBXFileReference; fileEncoding = 4; lastKnownFileType = sourcecode.swift; path = DaemonDelegate.swift; sourceTree = "<group>"; };
		B40F14AA1EA168F200C9E270 /* DeviceEventReaction.swift */ = {isa = PBXFileReference; fileEncoding = 4; lastKnownFileType = sourcecode.swift; path = DeviceEventReaction.swift; sourceTree = "<group>"; };
		B448E9E81E94F23700316651 /* Messenger-iOS.app */ = {isa = PBXFileReference; explicitFileType = wrapper.application; includeInIndex = 0; path = "Messenger-iOS.app"; sourceTree = BUILT_PRODUCTS_DIR; };
		B448E9EA1E94F23700316651 /* AppDelegate.swift */ = {isa = PBXFileReference; lastKnownFileType = sourcecode.swift; path = AppDelegate.swift; sourceTree = "<group>"; };
		B448E9EC1E94F23700316651 /* ViewController.swift */ = {isa = PBXFileReference; lastKnownFileType = sourcecode.swift; path = ViewController.swift; sourceTree = "<group>"; };
		B448E9F11E94F23700316651 /* Assets.xcassets */ = {isa = PBXFileReference; lastKnownFileType = folder.assetcatalog; path = Assets.xcassets; sourceTree = "<group>"; };
		B448E9F41E94F23700316651 /* Base */ = {isa = PBXFileReference; lastKnownFileType = file.storyboard; name = Base; path = Base.lproj/LaunchScreen.storyboard; sourceTree = "<group>"; };
		B448E9F61E94F23700316651 /* Info.plist */ = {isa = PBXFileReference; lastKnownFileType = text.plist.xml; path = Info.plist; sourceTree = "<group>"; };
		B448EA071E94FF2A00316651 /* AttachReaction.swift */ = {isa = PBXFileReference; fileEncoding = 4; lastKnownFileType = sourcecode.swift; path = AttachReaction.swift; sourceTree = "<group>"; };
		B448EA101E95250E00316651 /* AutoConnectDelegate.swift */ = {isa = PBXFileReference; fileEncoding = 4; lastKnownFileType = sourcecode.swift; path = AutoConnectDelegate.swift; sourceTree = "<group>"; };
		B448EA4F1E9634D700316651 /* Daemon.swift */ = {isa = PBXFileReference; fileEncoding = 4; lastKnownFileType = sourcecode.swift; path = Daemon.swift; sourceTree = "<group>"; };
		B448EA501E9634D700316651 /* DeviceDelegate.swift */ = {isa = PBXFileReference; fileEncoding = 4; lastKnownFileType = sourcecode.swift; path = DeviceDelegate.swift; sourceTree = "<group>"; };
		B448EA511E9634D700316651 /* Device.swift */ = {isa = PBXFileReference; fileEncoding = 4; lastKnownFileType = sourcecode.swift; path = Device.swift; sourceTree = "<group>"; };
		B448EA531E9634D700316651 /* DisconnectReaction.swift */ = {isa = PBXFileReference; fileEncoding = 4; lastKnownFileType = sourcecode.swift; path = DisconnectReaction.swift; sourceTree = "<group>"; };
		B448EA551E9634D700316651 /* AttachMessage.swift */ = {isa = PBXFileReference; fileEncoding = 4; lastKnownFileType = sourcecode.swift; path = AttachMessage.swift; sourceTree = "<group>"; };
		B448EA561E9634D700316651 /* ConnectMessageData.swift */ = {isa = PBXFileReference; fileEncoding = 4; lastKnownFileType = sourcecode.swift; path = ConnectMessageData.swift; sourceTree = "<group>"; };
		B448EA571E9634D700316651 /* DataWithUInt32.swift */ = {isa = PBXFileReference; fileEncoding = 4; lastKnownFileType = sourcecode.swift; path = DataWithUInt32.swift; sourceTree = "<group>"; };
		B448EA581E9634D700316651 /* DetachMessage.swift */ = {isa = PBXFileReference; fileEncoding = 4; lastKnownFileType = sourcecode.swift; path = DetachMessage.swift; sourceTree = "<group>"; };
		B448EA591E9634D700316651 /* DictData.swift */ = {isa = PBXFileReference; fileEncoding = 4; lastKnownFileType = sourcecode.swift; path = DictData.swift; sourceTree = "<group>"; };
		B448EA5A1E9634D700316651 /* ListeningMessageData.swift */ = {isa = PBXFileReference; fileEncoding = 4; lastKnownFileType = sourcecode.swift; path = ListeningMessageData.swift; sourceTree = "<group>"; };
		B448EA5B1E9634D700316651 /* MessageData.swift */ = {isa = PBXFileReference; fileEncoding = 4; lastKnownFileType = sourcecode.swift; path = MessageData.swift; sourceTree = "<group>"; };
		B448EA5C1E9634D700316651 /* ResultMessage.swift */ = {isa = PBXFileReference; fileEncoding = 4; lastKnownFileType = sourcecode.swift; path = ResultMessage.swift; sourceTree = "<group>"; };
		B448EA5D1E9634D700316651 /* TCPMessage.swift */ = {isa = PBXFileReference; fileEncoding = 4; lastKnownFileType = sourcecode.swift; path = TCPMessage.swift; sourceTree = "<group>"; };
		B448EA5E1E9634D700316651 /* USBMuxMessage.swift */ = {isa = PBXFileReference; fileEncoding = 4; lastKnownFileType = sourcecode.swift; path = USBMuxMessage.swift; sourceTree = "<group>"; };
		B448EA5F1E9634D700316651 /* USBMuxMessageData.swift */ = {isa = PBXFileReference; fileEncoding = 4; lastKnownFileType = sourcecode.swift; path = USBMuxMessageData.swift; sourceTree = "<group>"; };
		B448EA601E9634D700316651 /* USBMuxMessageDataArray.swift */ = {isa = PBXFileReference; fileEncoding = 4; lastKnownFileType = sourcecode.swift; path = USBMuxMessageDataArray.swift; sourceTree = "<group>"; };
		B448EA611E9634D700316651 /* USBMuxMessageWrap.swift */ = {isa = PBXFileReference; fileEncoding = 4; lastKnownFileType = sourcecode.swift; path = USBMuxMessageWrap.swift; sourceTree = "<group>"; };
		B448EA621E9634D700316651 /* OpenReaction.swift */ = {isa = PBXFileReference; fileEncoding = 4; lastKnownFileType = sourcecode.swift; path = OpenReaction.swift; sourceTree = "<group>"; };
		B448EA631E9634D700316651 /* ReceivingDataReaction.swift */ = {isa = PBXFileReference; fileEncoding = 4; lastKnownFileType = sourcecode.swift; path = ReceivingDataReaction.swift; sourceTree = "<group>"; };
		B448EA641E9634D700316651 /* StartingUSBDaemon.swift */ = {isa = PBXFileReference; fileEncoding = 4; lastKnownFileType = sourcecode.swift; path = StartingUSBDaemon.swift; sourceTree = "<group>"; };
		B448EA651E9634D700316651 /* StoppingUSBDaemon.swift */ = {isa = PBXFileReference; fileEncoding = 4; lastKnownFileType = sourcecode.swift; path = StoppingUSBDaemon.swift; sourceTree = "<group>"; };
		B448EA661E9634D700316651 /* USBDaemon.swift */ = {isa = PBXFileReference; fileEncoding = 4; lastKnownFileType = sourcecode.swift; path = USBDaemon.swift; sourceTree = "<group>"; };
		B448EA671E9634D700316651 /* USBDevice.swift */ = {isa = PBXFileReference; fileEncoding = 4; lastKnownFileType = sourcecode.swift; path = USBDevice.swift; sourceTree = "<group>"; };
		B448EA6A1E9634D700316651 /* DataDecoding.swift */ = {isa = PBXFileReference; fileEncoding = 4; lastKnownFileType = sourcecode.swift; path = DataDecoding.swift; sourceTree = "<group>"; };
		B448EA6B1E9634D700316651 /* OOData.swift */ = {isa = PBXFileReference; fileEncoding = 4; lastKnownFileType = sourcecode.swift; path = OOData.swift; sourceTree = "<group>"; };
		B448EA6C1E9634D700316651 /* OODataArray.swift */ = {isa = PBXFileReference; fileEncoding = 4; lastKnownFileType = sourcecode.swift; path = OODataArray.swift; sourceTree = "<group>"; };
		B448EA6D1E9634D700316651 /* OOUInt16.swift */ = {isa = PBXFileReference; fileEncoding = 4; lastKnownFileType = sourcecode.swift; path = OOUInt16.swift; sourceTree = "<group>"; };
		B448EA6E1E9634D700316651 /* OOUInt32.swift */ = {isa = PBXFileReference; fileEncoding = 4; lastKnownFileType = sourcecode.swift; path = OOUInt32.swift; sourceTree = "<group>"; };
		B448EA701E9634D700316651 /* CFSocket.swift */ = {isa = PBXFileReference; fileEncoding = 4; lastKnownFileType = sourcecode.swift; path = CFSocket.swift; sourceTree = "<group>"; };
		B448EA711E9634D700316651 /* ConstDataArray.swift */ = {isa = PBXFileReference; fileEncoding = 4; lastKnownFileType = sourcecode.swift; path = ConstDataArray.swift; sourceTree = "<group>"; };
		B448EA721E9634D700316651 /* DictionaryReference.swift */ = {isa = PBXFileReference; fileEncoding = 4; lastKnownFileType = sourcecode.swift; path = DictionaryReference.swift; sourceTree = "<group>"; };
		B448EA731E9634D700316651 /* Memory.swift */ = {isa = PBXFileReference; fileEncoding = 4; lastKnownFileType = sourcecode.swift; path = Memory.swift; sourceTree = "<group>"; };
		B448EA741E9634D700316651 /* NetworkUInt16.swift */ = {isa = PBXFileReference; fileEncoding = 4; lastKnownFileType = sourcecode.swift; path = NetworkUInt16.swift; sourceTree = "<group>"; };
		B448EA751E9634D700316651 /* NetworkUInt32.swift */ = {isa = PBXFileReference; fileEncoding = 4; lastKnownFileType = sourcecode.swift; path = NetworkUInt32.swift; sourceTree = "<group>"; };
		B448EA761E9634D700316651 /* RawData.swift */ = {isa = PBXFileReference; fileEncoding = 4; lastKnownFileType = sourcecode.swift; path = RawData.swift; sourceTree = "<group>"; };
		B448EA771E9634D700316651 /* StreamDelegates.swift */ = {isa = PBXFileReference; fileEncoding = 4; lastKnownFileType = sourcecode.swift; path = StreamDelegates.swift; sourceTree = "<group>"; };
		B4832BD41E910AF10028AB8E /* Messenger.app */ = {isa = PBXFileReference; explicitFileType = wrapper.application; includeInIndex = 0; path = Messenger.app; sourceTree = BUILT_PRODUCTS_DIR; };
		B4832BD61E910AF10028AB8E /* AppDelegate.swift */ = {isa = PBXFileReference; lastKnownFileType = sourcecode.swift; path = AppDelegate.swift; sourceTree = "<group>"; };
		B4832BD81E910AF10028AB8E /* Assets.xcassets */ = {isa = PBXFileReference; lastKnownFileType = folder.assetcatalog; path = Assets.xcassets; sourceTree = "<group>"; };
		B4832BDB1E910AF10028AB8E /* Base */ = {isa = PBXFileReference; lastKnownFileType = file.xib; name = Base; path = Base.lproj/MainMenu.xib; sourceTree = "<group>"; };
		B4832BDD1E910AF10028AB8E /* Info.plist */ = {isa = PBXFileReference; lastKnownFileType = text.plist.xml; path = Info.plist; sourceTree = "<group>"; };
		B4832C111E9192030028AB8E /* Port.swift */ = {isa = PBXFileReference; fileEncoding = 4; lastKnownFileType = sourcecode.swift; path = Port.swift; sourceTree = "<group>"; };
		B4832C141E9193340028AB8E /* DataStream.swift */ = {isa = PBXFileReference; fileEncoding = 4; lastKnownFileType = sourcecode.swift; path = DataStream.swift; sourceTree = "<group>"; };
		B4832C171E9193800028AB8E /* SocketWriteStream.swift */ = {isa = PBXFileReference; fileEncoding = 4; lastKnownFileType = sourcecode.swift; path = SocketWriteStream.swift; sourceTree = "<group>"; };
		B4832C2A1E98F5460028AB8E /* IncomingDataReaction.swift */ = {isa = PBXFileReference; fileEncoding = 4; lastKnownFileType = sourcecode.swift; path = IncomingDataReaction.swift; sourceTree = "<group>"; };
		B4A0402F1E8197BC00C06084 /* DarkLightning.framework */ = {isa = PBXFileReference; explicitFileType = wrapper.framework; includeInIndex = 0; path = DarkLightning.framework; sourceTree = BUILT_PRODUCTS_DIR; };
		B4A040381E8197BD00C06084 /* DarkLightningTests.xctest */ = {isa = PBXFileReference; explicitFileType = wrapper.cfbundle; includeInIndex = 0; path = DarkLightningTests.xctest; sourceTree = BUILT_PRODUCTS_DIR; };
		B4A0403D1E8197BD00C06084 /* DarkLightningTests.swift */ = {isa = PBXFileReference; lastKnownFileType = sourcecode.swift; path = DarkLightningTests.swift; sourceTree = "<group>"; };
		B4A0403F1E8197BD00C06084 /* Info.plist */ = {isa = PBXFileReference; lastKnownFileType = text.plist.xml; path = Info.plist; sourceTree = "<group>"; };
		B4A0404A1E81981C00C06084 /* Info.plist */ = {isa = PBXFileReference; fileEncoding = 4; lastKnownFileType = text.plist.xml; path = Info.plist; sourceTree = "<group>"; };
		B4A0404D1E81981C00C06084 /* Connections.swift */ = {isa = PBXFileReference; fileEncoding = 4; lastKnownFileType = sourcecode.swift; path = Connections.swift; sourceTree = "<group>"; };
		B4A0404E1E81981C00C06084 /* PortDelegate.swift */ = {isa = PBXFileReference; fileEncoding = 4; lastKnownFileType = sourcecode.swift; path = PortDelegate.swift; sourceTree = "<group>"; };
		B4A040501E81981C00C06084 /* WriteStream.swift */ = {isa = PBXFileReference; fileEncoding = 4; lastKnownFileType = sourcecode.swift; path = WriteStream.swift; sourceTree = "<group>"; };
		B4A040521E81981C00C06084 /* CloseStreamReaction.swift */ = {isa = PBXFileReference; fileEncoding = 4; lastKnownFileType = sourcecode.swift; path = CloseStreamReaction.swift; sourceTree = "<group>"; };
		B4A040541E81981C00C06084 /* ClosingDevicePort.swift */ = {isa = PBXFileReference; fileEncoding = 4; lastKnownFileType = sourcecode.swift; path = ClosingDevicePort.swift; sourceTree = "<group>"; };
		B4A040551E81981C00C06084 /* DevicePort.swift */ = {isa = PBXFileReference; fileEncoding = 4; lastKnownFileType = sourcecode.swift; path = DevicePort.swift; sourceTree = "<group>"; };
		B4A040561E81981C00C06084 /* OpeningDevicePort.swift */ = {isa = PBXFileReference; fileEncoding = 4; lastKnownFileType = sourcecode.swift; path = OpeningDevicePort.swift; sourceTree = "<group>"; };
		B4A040571E81981C00C06084 /* WritingDevicePort.swift */ = {isa = PBXFileReference; fileEncoding = 4; lastKnownFileType = sourcecode.swift; path = WritingDevicePort.swift; sourceTree = "<group>"; };
		B4A040581E81981C00C06084 /* DisconnectStreamReaction.swift */ = {isa = PBXFileReference; fileEncoding = 4; lastKnownFileType = sourcecode.swift; path = DisconnectStreamReaction.swift; sourceTree = "<group>"; };
		B4A040591E81981C00C06084 /* InsertConnectionReaction.swift */ = {isa = PBXFileReference; fileEncoding = 4; lastKnownFileType = sourcecode.swift; path = InsertConnectionReaction.swift; sourceTree = "<group>"; };
		B4A0405A1E81981C00C06084 /* ReadStreamReaction.swift */ = {isa = PBXFileReference; fileEncoding = 4; lastKnownFileType = sourcecode.swift; path = ReadStreamReaction.swift; sourceTree = "<group>"; };
		B4A0405B1E81981C00C06084 /* SocketConnections.swift */ = {isa = PBXFileReference; fileEncoding = 4; lastKnownFileType = sourcecode.swift; path = SocketConnections.swift; sourceTree = "<group>"; };
		B4A0405C1E81981C00C06084 /* SocketStream.swift */ = {isa = PBXFileReference; fileEncoding = 4; lastKnownFileType = sourcecode.swift; path = SocketStream.swift; sourceTree = "<group>"; };
		B4FFE0911E89B2A40044C7A9 /* DarkLightning.framework */ = {isa = PBXFileReference; explicitFileType = wrapper.framework; includeInIndex = 0; path = DarkLightning.framework; sourceTree = BUILT_PRODUCTS_DIR; };
		B4FFE0941E89B2A40044C7A9 /* Info.plist */ = {isa = PBXFileReference; lastKnownFileType = text.plist.xml; path = Info.plist; sourceTree = "<group>"; };
		B4FFE0991E89B2A50044C7A9 /* OSXTests.xctest */ = {isa = PBXFileReference; explicitFileType = wrapper.cfbundle; includeInIndex = 0; path = OSXTests.xctest; sourceTree = BUILT_PRODUCTS_DIR; };
		B4FFE09E1E89B2A50044C7A9 /* OSXTests.swift */ = {isa = PBXFileReference; lastKnownFileType = sourcecode.swift; path = OSXTests.swift; sourceTree = "<group>"; };
		B4FFE0A01E89B2A50044C7A9 /* Info.plist */ = {isa = PBXFileReference; lastKnownFileType = text.plist.xml; path = Info.plist; sourceTree = "<group>"; };
/* End PBXFileReference section */

/* Begin PBXFrameworksBuildPhase section */
		B448E9E51E94F23700316651 /* Frameworks */ = {
			isa = PBXFrameworksBuildPhase;
			buildActionMask = 2147483647;
			files = (
				B448E9FA1E94F25900316651 /* DarkLightning.framework in Frameworks */,
			);
			runOnlyForDeploymentPostprocessing = 0;
		};
		B4832BD11E910AF10028AB8E /* Frameworks */ = {
			isa = PBXFrameworksBuildPhase;
			buildActionMask = 2147483647;
			files = (
				B4832BE71E910B360028AB8E /* DarkLightning.framework in Frameworks */,
			);
			runOnlyForDeploymentPostprocessing = 0;
		};
		B4A0402B1E8197BC00C06084 /* Frameworks */ = {
			isa = PBXFrameworksBuildPhase;
			buildActionMask = 2147483647;
			files = (
			);
			runOnlyForDeploymentPostprocessing = 0;
		};
		B4A040351E8197BD00C06084 /* Frameworks */ = {
			isa = PBXFrameworksBuildPhase;
			buildActionMask = 2147483647;
			files = (
				B4A040391E8197BD00C06084 /* DarkLightning.framework in Frameworks */,
			);
			runOnlyForDeploymentPostprocessing = 0;
		};
		B4FFE08D1E89B2A40044C7A9 /* Frameworks */ = {
			isa = PBXFrameworksBuildPhase;
			buildActionMask = 2147483647;
			files = (
			);
			runOnlyForDeploymentPostprocessing = 0;
		};
		B4FFE0961E89B2A50044C7A9 /* Frameworks */ = {
			isa = PBXFrameworksBuildPhase;
			buildActionMask = 2147483647;
			files = (
				B4FFE09A1E89B2A50044C7A9 /* DarkLightning.framework in Frameworks */,
			);
			runOnlyForDeploymentPostprocessing = 0;
		};
/* End PBXFrameworksBuildPhase section */

/* Begin PBXGroup section */
		B448E9E91E94F23700316651 /* Messenger-iOS */ = {
			isa = PBXGroup;
			children = (
				B448E9EA1E94F23700316651 /* AppDelegate.swift */,
				B448E9EC1E94F23700316651 /* ViewController.swift */,
				B448E9F11E94F23700316651 /* Assets.xcassets */,
				B448E9F31E94F23700316651 /* LaunchScreen.storyboard */,
				B448E9F61E94F23700316651 /* Info.plist */,
				B448EA101E95250E00316651 /* AutoConnectDelegate.swift */,
			);
			path = "Messenger-iOS";
			sourceTree = "<group>";
		};
		B448EA4D1E9634D700316651 /* USBMuxDaemon */ = {
			isa = PBXGroup;
			children = (
				B448EA4E1E9634D700316651 /* Protocols */,
				B448EA521E9634D700316651 /* Sources */,
			);
			path = USBMuxDaemon;
			sourceTree = "<group>";
		};
		B448EA4E1E9634D700316651 /* Protocols */ = {
			isa = PBXGroup;
			children = (
				B448EA4F1E9634D700316651 /* Daemon.swift */,
				B448EA501E9634D700316651 /* DeviceDelegate.swift */,
				B448EA511E9634D700316651 /* Device.swift */,
				B40F14A81EA1658300C9E270 /* DaemonDelegate.swift */,
			);
			path = Protocols;
			sourceTree = "<group>";
		};
		B448EA521E9634D700316651 /* Sources */ = {
			isa = PBXGroup;
			children = (
				B448EA531E9634D700316651 /* DisconnectReaction.swift */,
				B448EA541E9634D700316651 /* Messages */,
				B448EA621E9634D700316651 /* OpenReaction.swift */,
				B448EA631E9634D700316651 /* ReceivingDataReaction.swift */,
				B448EA641E9634D700316651 /* StartingUSBDaemon.swift */,
				B448EA651E9634D700316651 /* StoppingUSBDaemon.swift */,
				B448EA661E9634D700316651 /* USBDaemon.swift */,
				B448EA671E9634D700316651 /* USBDevice.swift */,
			);
			path = Sources;
			sourceTree = "<group>";
		};
		B448EA541E9634D700316651 /* Messages */ = {
			isa = PBXGroup;
			children = (
				B448EA551E9634D700316651 /* AttachMessage.swift */,
				B448EA561E9634D700316651 /* ConnectMessageData.swift */,
				B448EA571E9634D700316651 /* DataWithUInt32.swift */,
				B448EA581E9634D700316651 /* DetachMessage.swift */,
				B448EA591E9634D700316651 /* DictData.swift */,
				B448EA5A1E9634D700316651 /* ListeningMessageData.swift */,
				B448EA5B1E9634D700316651 /* MessageData.swift */,
				B448EA5C1E9634D700316651 /* ResultMessage.swift */,
				B448EA5D1E9634D700316651 /* TCPMessage.swift */,
				B448EA5E1E9634D700316651 /* USBMuxMessage.swift */,
				B448EA5F1E9634D700316651 /* USBMuxMessageData.swift */,
				B448EA601E9634D700316651 /* USBMuxMessageDataArray.swift */,
				B448EA611E9634D700316651 /* USBMuxMessageWrap.swift */,
			);
			path = Messages;
			sourceTree = "<group>";
		};
		B448EA681E9634D700316651 /* Utils */ = {
			isa = PBXGroup;
			children = (
				B448EA691E9634D700316651 /* Protocols */,
				B448EA6F1E9634D700316651 /* Sources */,
			);
			path = Utils;
			sourceTree = "<group>";
		};
		B448EA691E9634D700316651 /* Protocols */ = {
			isa = PBXGroup;
			children = (
				B448EA6A1E9634D700316651 /* DataDecoding.swift */,
				B448EA6B1E9634D700316651 /* OOData.swift */,
				B448EA6C1E9634D700316651 /* OODataArray.swift */,
				B448EA6D1E9634D700316651 /* OOUInt16.swift */,
				B448EA6E1E9634D700316651 /* OOUInt32.swift */,
			);
			path = Protocols;
			sourceTree = "<group>";
		};
		B448EA6F1E9634D700316651 /* Sources */ = {
			isa = PBXGroup;
			children = (
				B448EA701E9634D700316651 /* CFSocket.swift */,
				B448EA711E9634D700316651 /* ConstDataArray.swift */,
				B448EA721E9634D700316651 /* DictionaryReference.swift */,
				B448EA731E9634D700316651 /* Memory.swift */,
				B448EA741E9634D700316651 /* NetworkUInt16.swift */,
				B448EA751E9634D700316651 /* NetworkUInt32.swift */,
				B448EA761E9634D700316651 /* RawData.swift */,
				B448EA771E9634D700316651 /* StreamDelegates.swift */,
			);
			path = Sources;
			sourceTree = "<group>";
		};
		B4832BD51E910AF10028AB8E /* Messenger */ = {
			isa = PBXGroup;
			children = (
				B4832BD61E910AF10028AB8E /* AppDelegate.swift */,
				B4832BD81E910AF10028AB8E /* Assets.xcassets */,
				B4832BDA1E910AF10028AB8E /* MainMenu.xib */,
				B4832BDD1E910AF10028AB8E /* Info.plist */,
				B448EA071E94FF2A00316651 /* AttachReaction.swift */,
				B40F14AA1EA168F200C9E270 /* DeviceEventReaction.swift */,
			);
			path = Messenger;
			sourceTree = "<group>";
		};
		B4A040251E8197BC00C06084 = {
			isa = PBXGroup;
			children = (
				B4FFE0A91E89B3820044C7A9 /* Tests */,
				B4A040311E8197BC00C06084 /* Sources */,
				B4832BD51E910AF10028AB8E /* Messenger */,
				B448E9E91E94F23700316651 /* Messenger-iOS */,
				B4A040301E8197BC00C06084 /* Products */,
			);
			sourceTree = "<group>";
		};
		B4A040301E8197BC00C06084 /* Products */ = {
			isa = PBXGroup;
			children = (
				B4A0402F1E8197BC00C06084 /* DarkLightning.framework */,
				B4A040381E8197BD00C06084 /* DarkLightningTests.xctest */,
				B4FFE0911E89B2A40044C7A9 /* DarkLightning.framework */,
				B4FFE0991E89B2A50044C7A9 /* OSXTests.xctest */,
				B4832BD41E910AF10028AB8E /* Messenger.app */,
				B448E9E81E94F23700316651 /* Messenger-iOS.app */,
			);
			name = Products;
			sourceTree = "<group>";
		};
		B4A040311E8197BC00C06084 /* Sources */ = {
			isa = PBXGroup;
			children = (
				B448EA4D1E9634D700316651 /* USBMuxDaemon */,
				B448EA681E9634D700316651 /* Utils */,
				B4FFE0921E89B2A40044C7A9 /* OSX */,
				B4A040491E81981C00C06084 /* iOS */,
				B4A0404B1E81981C00C06084 /* Server */,
			);
			path = Sources;
			sourceTree = "<group>";
		};
		B4A0403C1E8197BD00C06084 /* iOS */ = {
			isa = PBXGroup;
			children = (
				B4A0403D1E8197BD00C06084 /* DarkLightningTests.swift */,
				B4A0403F1E8197BD00C06084 /* Info.plist */,
			);
			name = iOS;
			path = Tests/iOS;
			sourceTree = "<group>";
		};
		B4A040491E81981C00C06084 /* iOS */ = {
			isa = PBXGroup;
			children = (
				B4A0404A1E81981C00C06084 /* Info.plist */,
			);
			name = iOS;
			path = Sources/iOS;
			sourceTree = SOURCE_ROOT;
		};
		B4A0404B1E81981C00C06084 /* Server */ = {
			isa = PBXGroup;
			children = (
				B4A0404C1E81981C00C06084 /* Protocols */,
				B4A040511E81981C00C06084 /* Sources */,
			);
			name = Server;
			path = Sources/Server;
			sourceTree = SOURCE_ROOT;
		};
		B4A0404C1E81981C00C06084 /* Protocols */ = {
			isa = PBXGroup;
			children = (
				B4A0404D1E81981C00C06084 /* Connections.swift */,
				B4A0404E1E81981C00C06084 /* PortDelegate.swift */,
				B4A040501E81981C00C06084 /* WriteStream.swift */,
				B4832C111E9192030028AB8E /* Port.swift */,
				B4832C141E9193340028AB8E /* DataStream.swift */,
			);
			path = Protocols;
			sourceTree = "<group>";
		};
		B4A040511E81981C00C06084 /* Sources */ = {
			isa = PBXGroup;
			children = (
				B4A040531E81981C00C06084 /* DevicePort */,
				B4A040521E81981C00C06084 /* CloseStreamReaction.swift */,
				B4A040581E81981C00C06084 /* DisconnectStreamReaction.swift */,
				B4A040591E81981C00C06084 /* InsertConnectionReaction.swift */,
				B4A0405A1E81981C00C06084 /* ReadStreamReaction.swift */,
				B4A0405B1E81981C00C06084 /* SocketConnections.swift */,
				B4A0405C1E81981C00C06084 /* SocketStream.swift */,
				B4832C171E9193800028AB8E /* SocketWriteStream.swift */,
				B4832C2A1E98F5460028AB8E /* IncomingDataReaction.swift */,
			);
			path = Sources;
			sourceTree = "<group>";
		};
		B4A040531E81981C00C06084 /* DevicePort */ = {
			isa = PBXGroup;
			children = (
				B4A040541E81981C00C06084 /* ClosingDevicePort.swift */,
				B4A040551E81981C00C06084 /* DevicePort.swift */,
				B4A040561E81981C00C06084 /* OpeningDevicePort.swift */,
				B4A040571E81981C00C06084 /* WritingDevicePort.swift */,
			);
			path = DevicePort;
			sourceTree = "<group>";
		};
		B4FFE0921E89B2A40044C7A9 /* OSX */ = {
			isa = PBXGroup;
			children = (
				B4FFE0941E89B2A40044C7A9 /* Info.plist */,
			);
			path = OSX;
			sourceTree = "<group>";
		};
		B4FFE09D1E89B2A50044C7A9 /* OSX */ = {
			isa = PBXGroup;
			children = (
				B4FFE09E1E89B2A50044C7A9 /* OSXTests.swift */,
				B4FFE0A01E89B2A50044C7A9 /* Info.plist */,
			);
			name = OSX;
			path = Tests/OSX;
			sourceTree = "<group>";
		};
		B4FFE0A91E89B3820044C7A9 /* Tests */ = {
			isa = PBXGroup;
			children = (
				B4A0403C1E8197BD00C06084 /* iOS */,
				B4FFE09D1E89B2A50044C7A9 /* OSX */,
			);
			name = Tests;
			sourceTree = "<group>";
		};
/* End PBXGroup section */

/* Begin PBXHeadersBuildPhase section */
		B4A0402C1E8197BC00C06084 /* Headers */ = {
			isa = PBXHeadersBuildPhase;
			buildActionMask = 2147483647;
			files = (
			);
			runOnlyForDeploymentPostprocessing = 0;
		};
		B4FFE08E1E89B2A40044C7A9 /* Headers */ = {
			isa = PBXHeadersBuildPhase;
			buildActionMask = 2147483647;
			files = (
			);
			runOnlyForDeploymentPostprocessing = 0;
		};
/* End PBXHeadersBuildPhase section */

/* Begin PBXNativeTarget section */
		B448E9E71E94F23700316651 /* Messenger-iOS */ = {
			isa = PBXNativeTarget;
			buildConfigurationList = B448E9F71E94F23700316651 /* Build configuration list for PBXNativeTarget "Messenger-iOS" */;
			buildPhases = (
				B448E9E41E94F23700316651 /* Sources */,
				B448E9E51E94F23700316651 /* Frameworks */,
				B448E9E61E94F23700316651 /* Resources */,
				B448E9FE1E94F25900316651 /* Embed Frameworks */,
			);
			buildRules = (
			);
			dependencies = (
				B448E9FD1E94F25900316651 /* PBXTargetDependency */,
			);
			name = "Messenger-iOS";
			productName = "Messenger-iOS";
			productReference = B448E9E81E94F23700316651 /* Messenger-iOS.app */;
			productType = "com.apple.product-type.application";
		};
		B4832BD31E910AF10028AB8E /* Messenger */ = {
			isa = PBXNativeTarget;
			buildConfigurationList = B4832BDE1E910AF10028AB8E /* Build configuration list for PBXNativeTarget "Messenger" */;
			buildPhases = (
				B4832BD01E910AF10028AB8E /* Sources */,
				B4832BD11E910AF10028AB8E /* Frameworks */,
				B4832BD21E910AF10028AB8E /* Resources */,
				B4832BEB1E910B360028AB8E /* Embed Frameworks */,
			);
			buildRules = (
			);
			dependencies = (
				B4832BEA1E910B360028AB8E /* PBXTargetDependency */,
			);
			name = Messenger;
			productName = Messenger;
			productReference = B4832BD41E910AF10028AB8E /* Messenger.app */;
			productType = "com.apple.product-type.application";
		};
		B4A0402E1E8197BC00C06084 /* iOS */ = {
			isa = PBXNativeTarget;
			buildConfigurationList = B4A040431E8197BD00C06084 /* Build configuration list for PBXNativeTarget "iOS" */;
			buildPhases = (
				B4A0402A1E8197BC00C06084 /* Sources */,
				B4A0402B1E8197BC00C06084 /* Frameworks */,
				B4A0402C1E8197BC00C06084 /* Headers */,
				B4A0402D1E8197BC00C06084 /* Resources */,
			);
			buildRules = (
			);
			dependencies = (
			);
			name = iOS;
			productName = DarkLightning;
			productReference = B4A0402F1E8197BC00C06084 /* DarkLightning.framework */;
			productType = "com.apple.product-type.framework";
		};
		B4A040371E8197BD00C06084 /* DarkLightningTests */ = {
			isa = PBXNativeTarget;
			buildConfigurationList = B4A040461E8197BD00C06084 /* Build configuration list for PBXNativeTarget "DarkLightningTests" */;
			buildPhases = (
				B4A040341E8197BD00C06084 /* Sources */,
				B4A040351E8197BD00C06084 /* Frameworks */,
				B4A040361E8197BD00C06084 /* Resources */,
			);
			buildRules = (
			);
			dependencies = (
				B4A0403B1E8197BD00C06084 /* PBXTargetDependency */,
			);
			name = DarkLightningTests;
			productName = DarkLightningTests;
			productReference = B4A040381E8197BD00C06084 /* DarkLightningTests.xctest */;
			productType = "com.apple.product-type.bundle.unit-test";
		};
		B4FFE0901E89B2A40044C7A9 /* OSX */ = {
			isa = PBXNativeTarget;
			buildConfigurationList = B4FFE0A61E89B2A50044C7A9 /* Build configuration list for PBXNativeTarget "OSX" */;
			buildPhases = (
				B4FFE08C1E89B2A40044C7A9 /* Sources */,
				B4FFE08D1E89B2A40044C7A9 /* Frameworks */,
				B4FFE08E1E89B2A40044C7A9 /* Headers */,
				B4FFE08F1E89B2A40044C7A9 /* Resources */,
			);
			buildRules = (
			);
			dependencies = (
			);
			name = OSX;
			productName = OSX;
			productReference = B4FFE0911E89B2A40044C7A9 /* DarkLightning.framework */;
			productType = "com.apple.product-type.framework";
		};
		B4FFE0981E89B2A50044C7A9 /* OSXTests */ = {
			isa = PBXNativeTarget;
			buildConfigurationList = B4FFE0A71E89B2A50044C7A9 /* Build configuration list for PBXNativeTarget "OSXTests" */;
			buildPhases = (
				B4FFE0951E89B2A50044C7A9 /* Sources */,
				B4FFE0961E89B2A50044C7A9 /* Frameworks */,
				B4FFE0971E89B2A50044C7A9 /* Resources */,
			);
			buildRules = (
			);
			dependencies = (
				B4FFE09C1E89B2A50044C7A9 /* PBXTargetDependency */,
			);
			name = OSXTests;
			productName = OSXTests;
			productReference = B4FFE0991E89B2A50044C7A9 /* OSXTests.xctest */;
			productType = "com.apple.product-type.bundle.unit-test";
		};
/* End PBXNativeTarget section */

/* Begin PBXProject section */
		B4A040261E8197BC00C06084 /* Project object */ = {
			isa = PBXProject;
			attributes = {
				LastSwiftUpdateCheck = 0830;
				LastUpgradeCheck = 0820;
				TargetAttributes = {
					B448E9E71E94F23700316651 = {
						CreatedOnToolsVersion = 8.3;
						DevelopmentTeam = JAC9UTPT4U;
						ProvisioningStyle = Automatic;
					};
					B4832BD31E910AF10028AB8E = {
						CreatedOnToolsVersion = 8.2.1;
						ProvisioningStyle = Automatic;
					};
					B4A0402E1E8197BC00C06084 = {
						CreatedOnToolsVersion = 8.3;
						DevelopmentTeam = JAC9UTPT4U;
						ProvisioningStyle = Automatic;
					};
					B4A040371E8197BD00C06084 = {
						CreatedOnToolsVersion = 8.3;
						DevelopmentTeam = JAC9UTPT4U;
						ProvisioningStyle = Automatic;
					};
					B4FFE0901E89B2A40044C7A9 = {
						CreatedOnToolsVersion = 8.2.1;
						LastSwiftMigration = 0820;
						ProvisioningStyle = Automatic;
					};
					B4FFE0981E89B2A50044C7A9 = {
						CreatedOnToolsVersion = 8.2.1;
						ProvisioningStyle = Automatic;
					};
				};
			};
			buildConfigurationList = B4A040291E8197BC00C06084 /* Build configuration list for PBXProject "DarkLightning" */;
			compatibilityVersion = "Xcode 3.2";
			developmentRegion = English;
			hasScannedForEncodings = 0;
			knownRegions = (
				en,
				Base,
			);
			mainGroup = B4A040251E8197BC00C06084;
			productRefGroup = B4A040301E8197BC00C06084 /* Products */;
			projectDirPath = "";
			projectRoot = "";
			targets = (
				B4A0402E1E8197BC00C06084 /* iOS */,
				B4A040371E8197BD00C06084 /* DarkLightningTests */,
				B4FFE0901E89B2A40044C7A9 /* OSX */,
				B4FFE0981E89B2A50044C7A9 /* OSXTests */,
				B4832BD31E910AF10028AB8E /* Messenger */,
				B448E9E71E94F23700316651 /* Messenger-iOS */,
			);
		};
/* End PBXProject section */

/* Begin PBXResourcesBuildPhase section */
		B448E9E61E94F23700316651 /* Resources */ = {
			isa = PBXResourcesBuildPhase;
			buildActionMask = 2147483647;
			files = (
				B448E9F51E94F23700316651 /* LaunchScreen.storyboard in Resources */,
				B448E9F21E94F23700316651 /* Assets.xcassets in Resources */,
			);
			runOnlyForDeploymentPostprocessing = 0;
		};
		B4832BD21E910AF10028AB8E /* Resources */ = {
			isa = PBXResourcesBuildPhase;
			buildActionMask = 2147483647;
			files = (
				B4832BD91E910AF10028AB8E /* Assets.xcassets in Resources */,
				B4832BDC1E910AF10028AB8E /* MainMenu.xib in Resources */,
			);
			runOnlyForDeploymentPostprocessing = 0;
		};
		B4A0402D1E8197BC00C06084 /* Resources */ = {
			isa = PBXResourcesBuildPhase;
			buildActionMask = 2147483647;
			files = (
			);
			runOnlyForDeploymentPostprocessing = 0;
		};
		B4A040361E8197BD00C06084 /* Resources */ = {
			isa = PBXResourcesBuildPhase;
			buildActionMask = 2147483647;
			files = (
			);
			runOnlyForDeploymentPostprocessing = 0;
		};
		B4FFE08F1E89B2A40044C7A9 /* Resources */ = {
			isa = PBXResourcesBuildPhase;
			buildActionMask = 2147483647;
			files = (
			);
			runOnlyForDeploymentPostprocessing = 0;
		};
		B4FFE0971E89B2A50044C7A9 /* Resources */ = {
			isa = PBXResourcesBuildPhase;
			buildActionMask = 2147483647;
			files = (
			);
			runOnlyForDeploymentPostprocessing = 0;
		};
/* End PBXResourcesBuildPhase section */

/* Begin PBXSourcesBuildPhase section */
		B448E9E41E94F23700316651 /* Sources */ = {
			isa = PBXSourcesBuildPhase;
			buildActionMask = 2147483647;
			files = (
				B448E9ED1E94F23700316651 /* ViewController.swift in Sources */,
				B448E9EB1E94F23700316651 /* AppDelegate.swift in Sources */,
				B448EA111E95250E00316651 /* AutoConnectDelegate.swift in Sources */,
			);
			runOnlyForDeploymentPostprocessing = 0;
		};
		B4832BD01E910AF10028AB8E /* Sources */ = {
			isa = PBXSourcesBuildPhase;
			buildActionMask = 2147483647;
			files = (
				B448EA081E94FF2A00316651 /* AttachReaction.swift in Sources */,
				B40F14AB1EA168F200C9E270 /* DeviceEventReaction.swift in Sources */,
				B4832BD71E910AF10028AB8E /* AppDelegate.swift in Sources */,
			);
			runOnlyForDeploymentPostprocessing = 0;
		};
		B4A0402A1E8197BC00C06084 /* Sources */ = {
			isa = PBXSourcesBuildPhase;
			buildActionMask = 2147483647;
			files = (
				B4A040691E81981C00C06084 /* Connections.swift in Sources */,
				B4832C311E98F6AD0028AB8E /* NetworkUInt16.swift in Sources */,
				B4832C181E9193800028AB8E /* SocketWriteStream.swift in Sources */,
				B4832C2B1E98F5460028AB8E /* IncomingDataReaction.swift in Sources */,
				B4832C341E98F6BF0028AB8E /* OOUInt32.swift in Sources */,
				B4A040751E81981C00C06084 /* SocketConnections.swift in Sources */,
				B4A040761E81981C00C06084 /* SocketStream.swift in Sources */,
				B4832C121E9192030028AB8E /* Port.swift in Sources */,
				B4A0406F1E81981C00C06084 /* DevicePort.swift in Sources */,
				B4832C351E98F6C60028AB8E /* RawData.swift in Sources */,
				B4832C2D1E98F6130028AB8E /* OOData.swift in Sources */,
				B4832C2E1E98F6840028AB8E /* Memory.swift in Sources */,
				B4A0406D1E81981C00C06084 /* CloseStreamReaction.swift in Sources */,
				B4A040711E81981C00C06084 /* WritingDevicePort.swift in Sources */,
				B4A0406A1E81981C00C06084 /* PortDelegate.swift in Sources */,
				B448E9E21E94F0A100316651 /* ReadStreamReaction.swift in Sources */,
				B4832C301E98F6A30028AB8E /* CFSocket.swift in Sources */,
				B4A040721E81981C00C06084 /* DisconnectStreamReaction.swift in Sources */,
				B4832C2F1E98F6900028AB8E /* StreamDelegates.swift in Sources */,
				B4A040731E81981C00C06084 /* InsertConnectionReaction.swift in Sources */,
				B4832C151E9193340028AB8E /* DataStream.swift in Sources */,
				B4832C2C1E98F5ED0028AB8E /* DataDecoding.swift in Sources */,
				B4A0406E1E81981C00C06084 /* ClosingDevicePort.swift in Sources */,
				B4832C331E98F6B80028AB8E /* OOUInt16.swift in Sources */,
				B4832C321E98F6B10028AB8E /* NetworkUInt32.swift in Sources */,
				B4A0406C1E81981C00C06084 /* WriteStream.swift in Sources */,
				B4A040701E81981C00C06084 /* OpeningDevicePort.swift in Sources */,
			);
			runOnlyForDeploymentPostprocessing = 0;
		};
		B4A040341E8197BD00C06084 /* Sources */ = {
			isa = PBXSourcesBuildPhase;
			buildActionMask = 2147483647;
			files = (
				B4A0403E1E8197BD00C06084 /* DarkLightningTests.swift in Sources */,
			);
			runOnlyForDeploymentPostprocessing = 0;
		};
		B4FFE08C1E89B2A40044C7A9 /* Sources */ = {
			isa = PBXSourcesBuildPhase;
			buildActionMask = 2147483647;
			files = (
				B448EA9B1E9634D700316651 /* StreamDelegates.swift in Sources */,
				B448EA8F1E9634D700316651 /* DataDecoding.swift in Sources */,
				B448EA7B1E9634D700316651 /* DisconnectReaction.swift in Sources */,
				B448EA931E9634D700316651 /* OOUInt32.swift in Sources */,
				B448EA871E9634D700316651 /* USBMuxMessageDataArray.swift in Sources */,
				B448EA921E9634D700316651 /* OOUInt16.swift in Sources */,
				B448EA7A1E9634D700316651 /* Device.swift in Sources */,
				B4832C191E9193800028AB8E /* SocketWriteStream.swift in Sources */,
				B448EA8A1E9634D700316651 /* ReceivingDataReaction.swift in Sources */,
				B448EA881E9634D700316651 /* USBMuxMessageWrap.swift in Sources */,
				B448EA9A1E9634D700316651 /* RawData.swift in Sources */,
				B4832BC51E9104180028AB8E /* PortDelegate.swift in Sources */,
				B4832BC31E9103F80028AB8E /* DisconnectStreamReaction.swift in Sources */,
				B448EA8D1E9634D700316651 /* USBDaemon.swift in Sources */,
				B448EA811E9634D700316651 /* ListeningMessageData.swift in Sources */,
				B448EA801E9634D700316651 /* DictData.swift in Sources */,
				B448EA961E9634D700316651 /* DictionaryReference.swift in Sources */,
				B448EA851E9634D700316651 /* USBMuxMessage.swift in Sources */,
				B448EA951E9634D700316651 /* ConstDataArray.swift in Sources */,
				B4832BC21E9103F80028AB8E /* CloseStreamReaction.swift in Sources */,
				B448EA8B1E9634D700316651 /* StartingUSBDaemon.swift in Sources */,
				B448EA911E9634D700316651 /* OODataArray.swift in Sources */,
				B448EA841E9634D700316651 /* TCPMessage.swift in Sources */,
				B448EA891E9634D700316651 /* OpenReaction.swift in Sources */,
				B448EA861E9634D700316651 /* USBMuxMessageData.swift in Sources */,
				B4832BC11E9103B90028AB8E /* SocketStream.swift in Sources */,
				B448EA971E9634D700316651 /* Memory.swift in Sources */,
				B448EA991E9634D700316651 /* NetworkUInt32.swift in Sources */,
				B40F14A91EA1658300C9E270 /* DaemonDelegate.swift in Sources */,
				B4832BC41E9103F80028AB8E /* ReadStreamReaction.swift in Sources */,
				B4832BBC1E8D75E60028AB8E /* WriteStream.swift in Sources */,
				B448EA941E9634D700316651 /* CFSocket.swift in Sources */,
				B4832C161E9193340028AB8E /* DataStream.swift in Sources */,
				B448EA901E9634D700316651 /* OOData.swift in Sources */,
				B448EA7C1E9634D700316651 /* AttachMessage.swift in Sources */,
				B448EA7E1E9634D700316651 /* DataWithUInt32.swift in Sources */,
				B448EA781E9634D700316651 /* Daemon.swift in Sources */,
				B448EA7D1E9634D700316651 /* ConnectMessageData.swift in Sources */,
				B448EA8E1E9634D700316651 /* USBDevice.swift in Sources */,
				B448EA821E9634D700316651 /* MessageData.swift in Sources */,
				B448EA8C1E9634D700316651 /* StoppingUSBDaemon.swift in Sources */,
				B448EA831E9634D700316651 /* ResultMessage.swift in Sources */,
				B448EA981E9634D700316651 /* NetworkUInt16.swift in Sources */,
				B448EA791E9634D700316651 /* DeviceDelegate.swift in Sources */,
				B448EA7F1E9634D700316651 /* DetachMessage.swift in Sources */,
				B4832BC61E91041C0028AB8E /* Connections.swift in Sources */,
			);
			runOnlyForDeploymentPostprocessing = 0;
		};
		B4FFE0951E89B2A50044C7A9 /* Sources */ = {
			isa = PBXSourcesBuildPhase;
			buildActionMask = 2147483647;
			files = (
				B4FFE09F1E89B2A50044C7A9 /* OSXTests.swift in Sources */,
			);
			runOnlyForDeploymentPostprocessing = 0;
		};
/* End PBXSourcesBuildPhase section */

/* Begin PBXTargetDependency section */
		B448E9FD1E94F25900316651 /* PBXTargetDependency */ = {
			isa = PBXTargetDependency;
			target = B4A0402E1E8197BC00C06084 /* iOS */;
			targetProxy = B448E9FC1E94F25900316651 /* PBXContainerItemProxy */;
		};
		B4832BEA1E910B360028AB8E /* PBXTargetDependency */ = {
			isa = PBXTargetDependency;
			target = B4FFE0901E89B2A40044C7A9 /* OSX */;
			targetProxy = B4832BE91E910B360028AB8E /* PBXContainerItemProxy */;
		};
		B4A0403B1E8197BD00C06084 /* PBXTargetDependency */ = {
			isa = PBXTargetDependency;
			target = B4A0402E1E8197BC00C06084 /* iOS */;
			targetProxy = B4A0403A1E8197BD00C06084 /* PBXContainerItemProxy */;
		};
		B4FFE09C1E89B2A50044C7A9 /* PBXTargetDependency */ = {
			isa = PBXTargetDependency;
			target = B4FFE0901E89B2A40044C7A9 /* OSX */;
			targetProxy = B4FFE09B1E89B2A50044C7A9 /* PBXContainerItemProxy */;
		};
/* End PBXTargetDependency section */

/* Begin PBXVariantGroup section */
		B448E9F31E94F23700316651 /* LaunchScreen.storyboard */ = {
			isa = PBXVariantGroup;
			children = (
				B448E9F41E94F23700316651 /* Base */,
			);
			name = LaunchScreen.storyboard;
			sourceTree = "<group>";
		};
		B4832BDA1E910AF10028AB8E /* MainMenu.xib */ = {
			isa = PBXVariantGroup;
			children = (
				B4832BDB1E910AF10028AB8E /* Base */,
			);
			name = MainMenu.xib;
			sourceTree = "<group>";
		};
/* End PBXVariantGroup section */

/* Begin XCBuildConfiguration section */
		B448E9F81E94F23700316651 /* Debug */ = {
			isa = XCBuildConfiguration;
			buildSettings = {
				ALWAYS_EMBED_SWIFT_STANDARD_LIBRARIES = YES;
				ASSETCATALOG_COMPILER_APPICON_NAME = AppIcon;
				DEVELOPMENT_TEAM = JAC9UTPT4U;
				INFOPLIST_FILE = "Messenger-iOS/Info.plist";
				IPHONEOS_DEPLOYMENT_TARGET = 10.2;
				LD_RUNPATH_SEARCH_PATHS = "$(inherited) @executable_path/Frameworks";
				PRODUCT_BUNDLE_IDENTIFIER = "de.jensmeder.Messenger-iOS";
				PRODUCT_NAME = "$(TARGET_NAME)";
				SWIFT_VERSION = 3.0;
			};
			name = Debug;
		};
		B448E9F91E94F23700316651 /* Release */ = {
			isa = XCBuildConfiguration;
			buildSettings = {
				ALWAYS_EMBED_SWIFT_STANDARD_LIBRARIES = YES;
				ASSETCATALOG_COMPILER_APPICON_NAME = AppIcon;
				DEVELOPMENT_TEAM = JAC9UTPT4U;
				INFOPLIST_FILE = "Messenger-iOS/Info.plist";
				IPHONEOS_DEPLOYMENT_TARGET = 10.2;
				LD_RUNPATH_SEARCH_PATHS = "$(inherited) @executable_path/Frameworks";
				PRODUCT_BUNDLE_IDENTIFIER = "de.jensmeder.Messenger-iOS";
				PRODUCT_NAME = "$(TARGET_NAME)";
				SWIFT_VERSION = 3.0;
			};
			name = Release;
		};
		B4832BDF1E910AF10028AB8E /* Debug */ = {
			isa = XCBuildConfiguration;
			buildSettings = {
				ALWAYS_EMBED_SWIFT_STANDARD_LIBRARIES = YES;
				ASSETCATALOG_COMPILER_APPICON_NAME = AppIcon;
				CODE_SIGN_IDENTITY = "-";
				COMBINE_HIDPI_IMAGES = YES;
				INFOPLIST_FILE = Messenger/Info.plist;
				LD_RUNPATH_SEARCH_PATHS = "$(inherited) @executable_path/../Frameworks";
				MACOSX_DEPLOYMENT_TARGET = 10.11;
				PRODUCT_BUNDLE_IDENTIFIER = de.jensmeder.Messenger;
				PRODUCT_NAME = "$(TARGET_NAME)";
				SDKROOT = macosx;
				SWIFT_VERSION = 3.0;
			};
			name = Debug;
		};
		B4832BE01E910AF10028AB8E /* Release */ = {
			isa = XCBuildConfiguration;
			buildSettings = {
				ALWAYS_EMBED_SWIFT_STANDARD_LIBRARIES = YES;
				ASSETCATALOG_COMPILER_APPICON_NAME = AppIcon;
				CODE_SIGN_IDENTITY = "-";
				COMBINE_HIDPI_IMAGES = YES;
				INFOPLIST_FILE = Messenger/Info.plist;
				LD_RUNPATH_SEARCH_PATHS = "$(inherited) @executable_path/../Frameworks";
				MACOSX_DEPLOYMENT_TARGET = 10.11;
				PRODUCT_BUNDLE_IDENTIFIER = de.jensmeder.Messenger;
				PRODUCT_NAME = "$(TARGET_NAME)";
				SDKROOT = macosx;
				SWIFT_VERSION = 3.0;
			};
			name = Release;
		};
		B4A040411E8197BD00C06084 /* Debug */ = {
			isa = XCBuildConfiguration;
			buildSettings = {
				ALWAYS_SEARCH_USER_PATHS = NO;
				CLANG_ANALYZER_NONNULL = YES;
				CLANG_ANALYZER_NUMBER_OBJECT_CONVERSION = YES_AGGRESSIVE;
				CLANG_CXX_LANGUAGE_STANDARD = "gnu++0x";
				CLANG_CXX_LIBRARY = "libc++";
				CLANG_ENABLE_MODULES = YES;
				CLANG_ENABLE_OBJC_ARC = YES;
				CLANG_WARN_BOOL_CONVERSION = YES;
				CLANG_WARN_CONSTANT_CONVERSION = YES;
				CLANG_WARN_DIRECT_OBJC_ISA_USAGE = YES_ERROR;
				CLANG_WARN_DOCUMENTATION_COMMENTS = YES;
				CLANG_WARN_EMPTY_BODY = YES;
				CLANG_WARN_ENUM_CONVERSION = YES;
				CLANG_WARN_INFINITE_RECURSION = YES;
				CLANG_WARN_INT_CONVERSION = YES;
				CLANG_WARN_OBJC_ROOT_CLASS = YES_ERROR;
				CLANG_WARN_SUSPICIOUS_MOVE = YES;
				CLANG_WARN_UNREACHABLE_CODE = YES;
				CLANG_WARN__DUPLICATE_METHOD_MATCH = YES;
				"CODE_SIGN_IDENTITY[sdk=iphoneos*]" = "iPhone Developer";
				COPY_PHASE_STRIP = NO;
				CURRENT_PROJECT_VERSION = 1;
				DEBUG_INFORMATION_FORMAT = dwarf;
				ENABLE_STRICT_OBJC_MSGSEND = YES;
				ENABLE_TESTABILITY = YES;
				GCC_C_LANGUAGE_STANDARD = gnu99;
				GCC_DYNAMIC_NO_PIC = NO;
				GCC_NO_COMMON_BLOCKS = YES;
				GCC_OPTIMIZATION_LEVEL = 0;
				GCC_PREPROCESSOR_DEFINITIONS = (
					"DEBUG=1",
					"$(inherited)",
				);
				GCC_WARN_64_TO_32_BIT_CONVERSION = YES;
				GCC_WARN_ABOUT_RETURN_TYPE = YES_ERROR;
				GCC_WARN_UNDECLARED_SELECTOR = YES;
				GCC_WARN_UNINITIALIZED_AUTOS = YES_AGGRESSIVE;
				GCC_WARN_UNUSED_FUNCTION = YES;
				GCC_WARN_UNUSED_VARIABLE = YES;
				IPHONEOS_DEPLOYMENT_TARGET = 10.3;
				MTL_ENABLE_DEBUG_INFO = YES;
				ONLY_ACTIVE_ARCH = YES;
				SDKROOT = iphoneos;
				SWIFT_ACTIVE_COMPILATION_CONDITIONS = DEBUG;
				SWIFT_OPTIMIZATION_LEVEL = "-Onone";
				TARGETED_DEVICE_FAMILY = "1,2";
				VERSIONING_SYSTEM = "apple-generic";
				VERSION_INFO_PREFIX = "";
			};
			name = Debug;
		};
		B4A040421E8197BD00C06084 /* Release */ = {
			isa = XCBuildConfiguration;
			buildSettings = {
				ALWAYS_SEARCH_USER_PATHS = NO;
				CLANG_ANALYZER_NONNULL = YES;
				CLANG_ANALYZER_NUMBER_OBJECT_CONVERSION = YES_AGGRESSIVE;
				CLANG_CXX_LANGUAGE_STANDARD = "gnu++0x";
				CLANG_CXX_LIBRARY = "libc++";
				CLANG_ENABLE_MODULES = YES;
				CLANG_ENABLE_OBJC_ARC = YES;
				CLANG_WARN_BOOL_CONVERSION = YES;
				CLANG_WARN_CONSTANT_CONVERSION = YES;
				CLANG_WARN_DIRECT_OBJC_ISA_USAGE = YES_ERROR;
				CLANG_WARN_DOCUMENTATION_COMMENTS = YES;
				CLANG_WARN_EMPTY_BODY = YES;
				CLANG_WARN_ENUM_CONVERSION = YES;
				CLANG_WARN_INFINITE_RECURSION = YES;
				CLANG_WARN_INT_CONVERSION = YES;
				CLANG_WARN_OBJC_ROOT_CLASS = YES_ERROR;
				CLANG_WARN_SUSPICIOUS_MOVE = YES;
				CLANG_WARN_UNREACHABLE_CODE = YES;
				CLANG_WARN__DUPLICATE_METHOD_MATCH = YES;
				"CODE_SIGN_IDENTITY[sdk=iphoneos*]" = "iPhone Developer";
				COPY_PHASE_STRIP = NO;
				CURRENT_PROJECT_VERSION = 1;
				DEBUG_INFORMATION_FORMAT = "dwarf-with-dsym";
				ENABLE_NS_ASSERTIONS = NO;
				ENABLE_STRICT_OBJC_MSGSEND = YES;
				GCC_C_LANGUAGE_STANDARD = gnu99;
				GCC_NO_COMMON_BLOCKS = YES;
				GCC_WARN_64_TO_32_BIT_CONVERSION = YES;
				GCC_WARN_ABOUT_RETURN_TYPE = YES_ERROR;
				GCC_WARN_UNDECLARED_SELECTOR = YES;
				GCC_WARN_UNINITIALIZED_AUTOS = YES_AGGRESSIVE;
				GCC_WARN_UNUSED_FUNCTION = YES;
				GCC_WARN_UNUSED_VARIABLE = YES;
				IPHONEOS_DEPLOYMENT_TARGET = 10.3;
				MTL_ENABLE_DEBUG_INFO = NO;
				SDKROOT = iphoneos;
				SWIFT_OPTIMIZATION_LEVEL = "-Owholemodule";
				TARGETED_DEVICE_FAMILY = "1,2";
				VALIDATE_PRODUCT = YES;
				VERSIONING_SYSTEM = "apple-generic";
				VERSION_INFO_PREFIX = "";
			};
			name = Release;
		};
		B4A040441E8197BD00C06084 /* Debug */ = {
			isa = XCBuildConfiguration;
			buildSettings = {
				CODE_SIGN_IDENTITY = "";
				DEFINES_MODULE = YES;
				DEVELOPMENT_TEAM = JAC9UTPT4U;
				DYLIB_COMPATIBILITY_VERSION = 1;
				DYLIB_CURRENT_VERSION = 1;
				DYLIB_INSTALL_NAME_BASE = "@rpath";
				INFOPLIST_FILE = Sources/iOS/Info.plist;
				INSTALL_PATH = "$(LOCAL_LIBRARY_DIR)/Frameworks";
				IPHONEOS_DEPLOYMENT_TARGET = 10.2;
				LD_RUNPATH_SEARCH_PATHS = "$(inherited) @executable_path/Frameworks @loader_path/Frameworks";
				PRODUCT_BUNDLE_IDENTIFIER = de.jensmeder.DarkLightning;
				PRODUCT_NAME = DarkLightning;
				SKIP_INSTALL = YES;
				SWIFT_VERSION = 3.0;
			};
			name = Debug;
		};
		B4A040451E8197BD00C06084 /* Release */ = {
			isa = XCBuildConfiguration;
			buildSettings = {
				CODE_SIGN_IDENTITY = "";
				DEFINES_MODULE = YES;
				DEVELOPMENT_TEAM = JAC9UTPT4U;
				DYLIB_COMPATIBILITY_VERSION = 1;
				DYLIB_CURRENT_VERSION = 1;
				DYLIB_INSTALL_NAME_BASE = "@rpath";
				INFOPLIST_FILE = Sources/iOS/Info.plist;
				INSTALL_PATH = "$(LOCAL_LIBRARY_DIR)/Frameworks";
				IPHONEOS_DEPLOYMENT_TARGET = 10.2;
				LD_RUNPATH_SEARCH_PATHS = "$(inherited) @executable_path/Frameworks @loader_path/Frameworks";
				PRODUCT_BUNDLE_IDENTIFIER = de.jensmeder.DarkLightning;
				PRODUCT_NAME = DarkLightning;
				SKIP_INSTALL = YES;
				SWIFT_VERSION = 3.0;
			};
			name = Release;
		};
		B4A040471E8197BD00C06084 /* Debug */ = {
			isa = XCBuildConfiguration;
			buildSettings = {
				ALWAYS_EMBED_SWIFT_STANDARD_LIBRARIES = YES;
				DEVELOPMENT_TEAM = JAC9UTPT4U;
				INFOPLIST_FILE = Tests/Info.plist;
				LD_RUNPATH_SEARCH_PATHS = "$(inherited) @executable_path/Frameworks @loader_path/Frameworks";
				PRODUCT_BUNDLE_IDENTIFIER = de.jensmeder.DarkLightningTests;
				PRODUCT_NAME = "$(TARGET_NAME)";
				SWIFT_VERSION = 3.0;
			};
			name = Debug;
		};
		B4A040481E8197BD00C06084 /* Release */ = {
			isa = XCBuildConfiguration;
			buildSettings = {
				ALWAYS_EMBED_SWIFT_STANDARD_LIBRARIES = YES;
				DEVELOPMENT_TEAM = JAC9UTPT4U;
				INFOPLIST_FILE = Tests/Info.plist;
				LD_RUNPATH_SEARCH_PATHS = "$(inherited) @executable_path/Frameworks @loader_path/Frameworks";
				PRODUCT_BUNDLE_IDENTIFIER = de.jensmeder.DarkLightningTests;
				PRODUCT_NAME = "$(TARGET_NAME)";
				SWIFT_VERSION = 3.0;
			};
			name = Release;
		};
		B4FFE0A21E89B2A50044C7A9 /* Debug */ = {
			isa = XCBuildConfiguration;
			buildSettings = {
				CLANG_ENABLE_MODULES = YES;
				CODE_SIGN_IDENTITY = "-";
				COMBINE_HIDPI_IMAGES = YES;
				DEFINES_MODULE = YES;
				DYLIB_COMPATIBILITY_VERSION = 1;
				DYLIB_CURRENT_VERSION = 1;
				DYLIB_INSTALL_NAME_BASE = "@rpath";
				FRAMEWORK_VERSION = A;
				INFOPLIST_FILE = "$(SRCROOT)/Sources/OSX/Info.plist";
				INSTALL_PATH = "$(LOCAL_LIBRARY_DIR)/Frameworks";
				LD_RUNPATH_SEARCH_PATHS = "$(inherited) @executable_path/../Frameworks @loader_path/Frameworks";
				MACOSX_DEPLOYMENT_TARGET = 10.11;
				PRODUCT_BUNDLE_IDENTIFIER = de.jensmeder.OSX;
				PRODUCT_NAME = DarkLightning;
				SDKROOT = macosx;
				SKIP_INSTALL = YES;
				SWIFT_OPTIMIZATION_LEVEL = "-Onone";
				SWIFT_VERSION = 3.0;
			};
			name = Debug;
		};
		B4FFE0A31E89B2A50044C7A9 /* Release */ = {
			isa = XCBuildConfiguration;
			buildSettings = {
				CLANG_ENABLE_MODULES = YES;
				CODE_SIGN_IDENTITY = "-";
				COMBINE_HIDPI_IMAGES = YES;
				DEFINES_MODULE = YES;
				DYLIB_COMPATIBILITY_VERSION = 1;
				DYLIB_CURRENT_VERSION = 1;
				DYLIB_INSTALL_NAME_BASE = "@rpath";
				FRAMEWORK_VERSION = A;
				INFOPLIST_FILE = "$(SRCROOT)/Sources/OSX/Info.plist";
				INSTALL_PATH = "$(LOCAL_LIBRARY_DIR)/Frameworks";
				LD_RUNPATH_SEARCH_PATHS = "$(inherited) @executable_path/../Frameworks @loader_path/Frameworks";
				MACOSX_DEPLOYMENT_TARGET = 10.11;
				PRODUCT_BUNDLE_IDENTIFIER = de.jensmeder.OSX;
				PRODUCT_NAME = DarkLightning;
				SDKROOT = macosx;
				SKIP_INSTALL = YES;
				SWIFT_VERSION = 3.0;
			};
			name = Release;
		};
		B4FFE0A41E89B2A50044C7A9 /* Debug */ = {
			isa = XCBuildConfiguration;
			buildSettings = {
				ALWAYS_EMBED_SWIFT_STANDARD_LIBRARIES = YES;
				CODE_SIGN_IDENTITY = "-";
				COMBINE_HIDPI_IMAGES = YES;
				INFOPLIST_FILE = Tests/OSX/Info.plist;
				LD_RUNPATH_SEARCH_PATHS = "$(inherited) @executable_path/../Frameworks @loader_path/../Frameworks";
				MACOSX_DEPLOYMENT_TARGET = 10.11;
				PRODUCT_BUNDLE_IDENTIFIER = de.jensmeder.OSXTests;
				PRODUCT_NAME = "$(TARGET_NAME)";
				SDKROOT = macosx;
				SWIFT_VERSION = 3.0;
			};
			name = Debug;
		};
		B4FFE0A51E89B2A50044C7A9 /* Release */ = {
			isa = XCBuildConfiguration;
			buildSettings = {
				ALWAYS_EMBED_SWIFT_STANDARD_LIBRARIES = YES;
				CODE_SIGN_IDENTITY = "-";
				COMBINE_HIDPI_IMAGES = YES;
				INFOPLIST_FILE = Tests/OSX/Info.plist;
				LD_RUNPATH_SEARCH_PATHS = "$(inherited) @executable_path/../Frameworks @loader_path/../Frameworks";
				MACOSX_DEPLOYMENT_TARGET = 10.11;
				PRODUCT_BUNDLE_IDENTIFIER = de.jensmeder.OSXTests;
				PRODUCT_NAME = "$(TARGET_NAME)";
				SDKROOT = macosx;
				SWIFT_VERSION = 3.0;
			};
			name = Release;
		};
/* End XCBuildConfiguration section */

/* Begin XCConfigurationList section */
		B448E9F71E94F23700316651 /* Build configuration list for PBXNativeTarget "Messenger-iOS" */ = {
			isa = XCConfigurationList;
			buildConfigurations = (
				B448E9F81E94F23700316651 /* Debug */,
				B448E9F91E94F23700316651 /* Release */,
			);
			defaultConfigurationIsVisible = 0;
			defaultConfigurationName = Release;
		};
		B4832BDE1E910AF10028AB8E /* Build configuration list for PBXNativeTarget "Messenger" */ = {
			isa = XCConfigurationList;
			buildConfigurations = (
				B4832BDF1E910AF10028AB8E /* Debug */,
				B4832BE01E910AF10028AB8E /* Release */,
			);
			defaultConfigurationIsVisible = 0;
			defaultConfigurationName = Release;
		};
		B4A040291E8197BC00C06084 /* Build configuration list for PBXProject "DarkLightning" */ = {
			isa = XCConfigurationList;
			buildConfigurations = (
				B4A040411E8197BD00C06084 /* Debug */,
				B4A040421E8197BD00C06084 /* Release */,
			);
			defaultConfigurationIsVisible = 0;
			defaultConfigurationName = Release;
		};
		B4A040431E8197BD00C06084 /* Build configuration list for PBXNativeTarget "iOS" */ = {
			isa = XCConfigurationList;
			buildConfigurations = (
				B4A040441E8197BD00C06084 /* Debug */,
				B4A040451E8197BD00C06084 /* Release */,
			);
			defaultConfigurationIsVisible = 0;
			defaultConfigurationName = Release;
		};
		B4A040461E8197BD00C06084 /* Build configuration list for PBXNativeTarget "DarkLightningTests" */ = {
			isa = XCConfigurationList;
			buildConfigurations = (
				B4A040471E8197BD00C06084 /* Debug */,
				B4A040481E8197BD00C06084 /* Release */,
			);
			defaultConfigurationIsVisible = 0;
			defaultConfigurationName = Release;
		};
		B4FFE0A61E89B2A50044C7A9 /* Build configuration list for PBXNativeTarget "OSX" */ = {
			isa = XCConfigurationList;
			buildConfigurations = (
				B4FFE0A21E89B2A50044C7A9 /* Debug */,
				B4FFE0A31E89B2A50044C7A9 /* Release */,
			);
			defaultConfigurationIsVisible = 0;
			defaultConfigurationName = Release;
		};
		B4FFE0A71E89B2A50044C7A9 /* Build configuration list for PBXNativeTarget "OSXTests" */ = {
			isa = XCConfigurationList;
			buildConfigurations = (
				B4FFE0A41E89B2A50044C7A9 /* Debug */,
				B4FFE0A51E89B2A50044C7A9 /* Release */,
			);
			defaultConfigurationIsVisible = 0;
			defaultConfigurationName = Release;
		};
/* End XCConfigurationList section */
	};
	rootObject = B4A040261E8197BC00C06084 /* Project object */;
}
